{
    "name": "monaco-example",
    "version": "0.0.1",
    "lockfileVersion": 2,
    "requires": true,
    "packages": {
        "": {
            "name": "monaco-example",
            "version": "0.0.1",
            "license": "MIT",
            "dependencies": {
                "monaco-editor": "^0.36.1"
            },
            "devDependencies": {}
        },
        "node_modules/monaco-editor": {
            "version": "0.36.1",
            "resolved": "https://registry.npmjs.org/monaco-editor/-/monaco-editor-0.36.1.tgz",
            "integrity": "sha512-/CaclMHKQ3A6rnzBzOADfwdSJ25BFoFT0Emxsc4zYVyav5SkK9iA6lEtIeuN/oRYbwPgviJT+t3l+sjFa28jYg=="
        }
    },
    "dependencies": {
        "monaco-editor": {
            "version": "0.36.1",
            "resolved": "https://registry.npmjs.org/monaco-editor/-/monaco-editor-0.36.1.tgz",
            "integrity": "sha512-/CaclMHKQ3A6rnzBzOADfwdSJ25BFoFT0Emxsc4zYVyav5SkK9iA6lEtIeuN/oRYbwPgviJT+t3l+sjFa28jYg=="
        }
    }
}
